
Microsoft Visual Studio Solution File, Format Version 12.00
# Visual Studio Version 17
VisualStudioVersion = 17.12.35527.113 d17.12
MinimumVisualStudioVersion = 10.0.40219.1
Project("{FAE04EC0-301F-11D3-BF4B-00C04F79EFBC}") = "Xmpp.Client", "xmpp.Client\Xmpp.Client.csproj", "{DA2104EF-AB1A-4290-9A17-7BCFDE892BFC}"
EndProject
Project("{FAE04EC0-301F-11D3-BF4B-00C04F79EFBC}") = "Xmpp.Client.Test", "Xmpp.Client.Test\Xmpp.Client.Test.csproj", "{69D93C4D-785B-40CD-99E9-5BB5A91476A2}"
EndProject
Project("{FAE04EC0-301F-11D3-BF4B-00C04F79EFBC}") = "Xmpp.Client.v2", "Xmpp.Client.v2\Xmpp.Client.v2.csproj", "{C6EF51BF-AC2F-4B57-B682-B8BF7A7DFE2E}"
EndProject
Global
	GlobalSection(SolutionConfigurationPlatforms) = preSolution
		Debug|Any CPU = Debug|Any CPU
		Release|Any CPU = Release|Any CPU
	EndGlobalSection
	GlobalSection(ProjectConfigurationPlatforms) = postSolution
		{DA2104EF-AB1A-4290-9A17-7BCFDE892BFC}.Debug|Any CPU.ActiveCfg = Debug|Any CPU
		{DA2104EF-AB1A-4290-9A17-7BCFDE892BFC}.Debug|Any CPU.Build.0 = Debug|Any CPU
		{DA2104EF-AB1A-4290-9A17-7BCFDE892BFC}.Release|Any CPU.ActiveCfg = Release|Any CPU
		{DA2104EF-AB1A-4290-9A17-7BCFDE892BFC}.Release|Any CPU.Build.0 = Release|Any CPU
		{69D93C4D-785B-40CD-99E9-5BB5A91476A2}.Debug|Any CPU.ActiveCfg = Debug|Any CPU
		{69D93C4D-785B-40CD-99E9-5BB5A91476A2}.Debug|Any CPU.Build.0 = Debug|Any CPU
		{69D93C4D-785B-40CD-99E9-5BB5A91476A2}.Release|Any CPU.ActiveCfg = Release|Any CPU
		{69D93C4D-785B-40CD-99E9-5BB5A91476A2}.Release|Any CPU.Build.0 = Release|Any CPU
		{C6EF51BF-AC2F-4B57-B682-B8BF7A7DFE2E}.Debug|Any CPU.ActiveCfg = Debug|Any CPU
		{C6EF51BF-AC2F-4B57-B682-B8BF7A7DFE2E}.Debug|Any CPU.Build.0 = Debug|Any CPU
		{C6EF51BF-AC2F-4B57-B682-B8BF7A7DFE2E}.Release|Any CPU.ActiveCfg = Release|Any CPU
		{C6EF51BF-AC2F-4B57-B682-B8BF7A7DFE2E}.Release|Any CPU.Build.0 = Release|Any CPU
	EndGlobalSection
	GlobalSection(SolutionProperties) = preSolution
		HideSolutionNode = FALSE
	EndGlobalSection
EndGlobal
